
Microsoft Visual Studio Solution File, Format Version 12.00
# Visual Studio Version 17
VisualStudioVersion = 17.0.31912.275
MinimumVisualStudioVersion = 10.0.40219.1
Project("{9A19103F-16F7-4668-BE54-9A1E7A4F7556}") = "Common", "Common\Common.csproj", "{9B25BC90-7053-42D3-A773-B9611A1D6D15}"
EndProject
Project("{9A19103F-16F7-4668-BE54-9A1E7A4F7556}") = "Domain", "Domain\Domain.csproj", "{80BA5469-F005-4D35-83BE-72BDFED140CA}"
EndProject
Project("{9A19103F-16F7-4668-BE54-9A1E7A4F7556}") = "Domain.Test", "Domain.Test\Domain.Test.csproj", "{A3D04D96-5ED4-4FF1-ADE0-8CF65DEC6AB7}"
EndProject
Project("{9A19103F-16F7-4668-BE54-9A1E7A4F7556}") = "Client", "Client\Client.csproj", "{7ED87B81-154E-4E13-A381-EAC60737EE0A}"
EndProject
Project("{9A19103F-16F7-4668-BE54-9A1E7A4F7556}") = "Infrastructure", "Infrastructure\Infrastructure.csproj", "{A5F47EC3-2945-4759-9321-2A149E86EC18}"
EndProject
Global
	GlobalSection(SolutionConfigurationPlatforms) = preSolution
		Debug|Any CPU = Debug|Any CPU
		Release|Any CPU = Release|Any CPU
	EndGlobalSection
	GlobalSection(ProjectConfigurationPlatforms) = postSolution
		{9B25BC90-7053-42D3-A773-B9611A1D6D15}.Debug|Any CPU.ActiveCfg = Debug|Any CPU
		{9B25BC90-7053-42D3-A773-B9611A1D6D15}.Debug|Any CPU.Build.0 = Debug|Any CPU
		{9B25BC90-7053-42D3-A773-B9611A1D6D15}.Release|Any CPU.ActiveCfg = Release|Any CPU
		{9B25BC90-7053-42D3-A773-B9611A1D6D15}.Release|Any CPU.Build.0 = Release|Any CPU
		{80BA5469-F005-4D35-83BE-72BDFED140CA}.Debug|Any CPU.ActiveCfg = Debug|Any CPU
		{80BA5469-F005-4D35-83BE-72BDFED140CA}.Debug|Any CPU.Build.0 = Debug|Any CPU
		{80BA5469-F005-4D35-83BE-72BDFED140CA}.Release|Any CPU.ActiveCfg = Release|Any CPU
		{80BA5469-F005-4D35-83BE-72BDFED140CA}.Release|Any CPU.Build.0 = Release|Any CPU
		{A3D04D96-5ED4-4FF1-ADE0-8CF65DEC6AB7}.Debug|Any CPU.ActiveCfg = Debug|Any CPU
		{A3D04D96-5ED4-4FF1-ADE0-8CF65DEC6AB7}.Debug|Any CPU.Build.0 = Debug|Any CPU
		{A3D04D96-5ED4-4FF1-ADE0-8CF65DEC6AB7}.Release|Any CPU.ActiveCfg = Release|Any CPU
		{A3D04D96-5ED4-4FF1-ADE0-8CF65DEC6AB7}.Release|Any CPU.Build.0 = Release|Any CPU
		{7ED87B81-154E-4E13-A381-EAC60737EE0A}.Debug|Any CPU.ActiveCfg = Debug|Any CPU
		{7ED87B81-154E-4E13-A381-EAC60737EE0A}.Debug|Any CPU.Build.0 = Debug|Any CPU
		{7ED87B81-154E-4E13-A381-EAC60737EE0A}.Release|Any CPU.ActiveCfg = Release|Any CPU
		{7ED87B81-154E-4E13-A381-EAC60737EE0A}.Release|Any CPU.Build.0 = Release|Any CPU
		{A5F47EC3-2945-4759-9321-2A149E86EC18}.Debug|Any CPU.ActiveCfg = Debug|Any CPU
		{A5F47EC3-2945-4759-9321-2A149E86EC18}.Debug|Any CPU.Build.0 = Debug|Any CPU
		{A5F47EC3-2945-4759-9321-2A149E86EC18}.Release|Any CPU.ActiveCfg = Release|Any CPU
		{A5F47EC3-2945-4759-9321-2A149E86EC18}.Release|Any CPU.Build.0 = Release|Any CPU
	EndGlobalSection
	GlobalSection(SolutionProperties) = preSolution
		HideSolutionNode = FALSE
	EndGlobalSection
	GlobalSection(ExtensibilityGlobals) = postSolution
		SolutionGuid = {ED5A7125-BD78-4EC4-9E74-64ADFC3775D4}
	EndGlobalSection
EndGlobal
