
Microsoft Visual Studio Solution File, Format Version 12.00
# Visual Studio Version 17
VisualStudioVersion = 17.0.31912.275
MinimumVisualStudioVersion = 10.0.40219.1
Project("{FAE04EC0-301F-11D3-BF4B-00C04F79EFBC}") = "Case.SoapService", "Case.SoapService\Case.SoapService.csproj", "{6F170F91-AE0B-4DEC-BA85-C42E9D8982B7}"
EndProject
Project("{FAE04EC0-301F-11D3-BF4B-00C04F79EFBC}") = "Case.SoapService.Test", "Case.SoapService.Test\Case.SoapService.Test.csproj", "{8FCDF5C5-F75B-49D7-B2C6-15C788ED74A3}"
EndProject
Global
	GlobalSection(SolutionConfigurationPlatforms) = preSolution
		Debug|Any CPU = Debug|Any CPU
		Release|Any CPU = Release|Any CPU
	EndGlobalSection
	GlobalSection(ProjectConfigurationPlatforms) = postSolution
		{9B25BC90-7053-42D3-A773-B9611A1D6D15}.Debug|Any CPU.ActiveCfg = Debug|Any CPU
		{9B25BC90-7053-42D3-A773-B9611A1D6D15}.Debug|Any CPU.Build.0 = Debug|Any CPU
		{9B25BC90-7053-42D3-A773-B9611A1D6D15}.Release|Any CPU.ActiveCfg = Release|Any CPU
		{9B25BC90-7053-42D3-A773-B9611A1D6D15}.Release|Any CPU.Build.0 = Release|Any CPU
		{80BA5469-F005-4D35-83BE-72BDFED140CA}.Debug|Any CPU.ActiveCfg = Debug|Any CPU
		{80BA5469-F005-4D35-83BE-72BDFED140CA}.Debug|Any CPU.Build.0 = Debug|Any CPU
		{80BA5469-F005-4D35-83BE-72BDFED140CA}.Release|Any CPU.ActiveCfg = Release|Any CPU
		{80BA5469-F005-4D35-83BE-72BDFED140CA}.Release|Any CPU.Build.0 = Release|Any CPU
		{6F170F91-AE0B-4DEC-BA85-C42E9D8982B7}.Debug|Any CPU.ActiveCfg = Debug|Any CPU
		{6F170F91-AE0B-4DEC-BA85-C42E9D8982B7}.Debug|Any CPU.Build.0 = Debug|Any CPU
		{6F170F91-AE0B-4DEC-BA85-C42E9D8982B7}.Release|Any CPU.ActiveCfg = Release|Any CPU
		{6F170F91-AE0B-4DEC-BA85-C42E9D8982B7}.Release|Any CPU.Build.0 = Release|Any CPU
		{8FCDF5C5-F75B-49D7-B2C6-15C788ED74A3}.Debug|Any CPU.ActiveCfg = Debug|Any CPU
		{8FCDF5C5-F75B-49D7-B2C6-15C788ED74A3}.Debug|Any CPU.Build.0 = Debug|Any CPU
		{8FCDF5C5-F75B-49D7-B2C6-15C788ED74A3}.Release|Any CPU.ActiveCfg = Release|Any CPU
		{8FCDF5C5-F75B-49D7-B2C6-15C788ED74A3}.Release|Any CPU.Build.0 = Release|Any CPU
	EndGlobalSection
	GlobalSection(SolutionProperties) = preSolution
		HideSolutionNode = FALSE
	EndGlobalSection
	GlobalSection(ExtensibilityGlobals) = postSolution
		SolutionGuid = {ED5A7125-BD78-4EC4-9E74-64ADFC3775D4}
	EndGlobalSection
EndGlobal
